github.com/alex-shpak/hugo-book v0.0.0-20230213220505-036e037a63ba h1:GSDZxN4SjTRVylJjVwr2Mnn1oy/e2ngZG9m1ULJ2qFg=
github.com/alex-shpak/hugo-book v0.0.0-20230213220505-036e037a63ba/go.mod h1:L4NMyzbn15fpLIpmmtDg9ZFFyTZzw87/lk7M2bMQ7ds=
github.com/marcpabst/hugo-maps v0.0.0-20230326185901-c5f2572996c0 h1:oGCf3NTlYzVLm9BTHuC78ZZQ8mvgadWNw4YND/+90UA=
github.com/marcpabst/hugo-maps v0.0.0-20230326185901-c5f2572996c0/go.mod h1:sNDNVXcTlC/CBghljJTDEfftMpse1RhGqvBWhJggXNY=
