github.com/alex-shpak/hugo-book v0.0.0-20230213220505-036e037a63ba h1:GSDZxN4SjTRVylJjVwr2Mnn1oy/e2ngZG9m1ULJ2qFg=
github.com/alex-shpak/hugo-book v0.0.0-20230213220505-036e037a63ba/go.mod h1:L4NMyzbn15fpLIpmmtDg9ZFFyTZzw87/lk7M2bMQ7ds=
github.com/marcpabst/hugo-maps v0.0.0-20230322135939-3a5c7c66d56a h1:hXMxKpP1tECG0szCWQyOrlc/JT1DbBNvk/b2GY3K9cM=
github.com/marcpabst/hugo-maps v0.0.0-20230322135939-3a5c7c66d56a/go.mod h1:sNDNVXcTlC/CBghljJTDEfftMpse1RhGqvBWhJggXNY=
